
Microsoft Visual Studio Solution File, Format Version 12.00
# Visual Studio Version 16
VisualStudioVersion = 16.0.30011.22
MinimumVisualStudioVersion = 10.0.40219.1
Project("{2150E333-8FDC-42A3-9474-1A3956D46DE8}") = "00.公共功能组件", "00.公共功能组件", "{AEC654BE-24C4-4ADD-9A93-19339CA4C34B}"
EndProject
Project("{2150E333-8FDC-42A3-9474-1A3956D46DE8}") = "01.业务实体模型", "01.业务实体模型", "{86DAE28B-00C3-430F-82DB-818A87EE0C94}"
EndProject
Project("{2150E333-8FDC-42A3-9474-1A3956D46DE8}") = "02.数据处理", "02.数据处理", "{1BB401A2-CCDC-47AC-8988-32A72E1476B8}"
EndProject
Project("{2150E333-8FDC-42A3-9474-1A3956D46DE8}") = "03.视图模型", "03.视图模型", "{5D4725AF-034E-4D88-AF34-C7A4E717C21D}"
EndProject
Project("{2150E333-8FDC-42A3-9474-1A3956D46DE8}") = "04.WEB站点", "04.WEB站点", "{400588E5-4273-4BEE-AF29-D3EE7B1AE820}"
EndProject
Project("{9A19103F-16F7-4668-BE54-9A1E7A4F7556}") = "Guet.Common", "Guet.Common\Guet.Common.csproj", "{F58290B5-55AF-4004-90E2-5C51F18BFC0E}"
EndProject
Project("{9A19103F-16F7-4668-BE54-9A1E7A4F7556}") = "Guet.DataAccess", "Guet.DataAccess\Guet.DataAccess.csproj", "{3719CDC4-0F72-4E1D-8A79-7FE36D2A02B1}"
EndProject
Project("{9A19103F-16F7-4668-BE54-9A1E7A4F7556}") = "Guet.Entities", "Guet.Entities\Guet.Entities.csproj", "{4F9736D5-5CE3-4D38-A87B-EDF42BB6C1BE}"
EndProject
Project("{9A19103F-16F7-4668-BE54-9A1E7A4F7556}") = "Guet.ViewModel", "Guet.ViewModel\Guet.ViewModel.csproj", "{00A68F23-B901-4969-830B-B1297949CC92}"
EndProject
Project("{9A19103F-16F7-4668-BE54-9A1E7A4F7556}") = "Guet.Blog", "Guet.Blog\Guet.Blog.csproj", "{C2798BE9-003A-4AD2-96D9-56B9733FC951}"
EndProject
Global
	GlobalSection(SolutionConfigurationPlatforms) = preSolution
		Debug|Any CPU = Debug|Any CPU
		Release|Any CPU = Release|Any CPU
	EndGlobalSection
	GlobalSection(ProjectConfigurationPlatforms) = postSolution
		{F58290B5-55AF-4004-90E2-5C51F18BFC0E}.Debug|Any CPU.ActiveCfg = Debug|Any CPU
		{F58290B5-55AF-4004-90E2-5C51F18BFC0E}.Debug|Any CPU.Build.0 = Debug|Any CPU
		{F58290B5-55AF-4004-90E2-5C51F18BFC0E}.Release|Any CPU.ActiveCfg = Release|Any CPU
		{F58290B5-55AF-4004-90E2-5C51F18BFC0E}.Release|Any CPU.Build.0 = Release|Any CPU
		{3719CDC4-0F72-4E1D-8A79-7FE36D2A02B1}.Debug|Any CPU.ActiveCfg = Debug|Any CPU
		{3719CDC4-0F72-4E1D-8A79-7FE36D2A02B1}.Debug|Any CPU.Build.0 = Debug|Any CPU
		{3719CDC4-0F72-4E1D-8A79-7FE36D2A02B1}.Release|Any CPU.ActiveCfg = Release|Any CPU
		{3719CDC4-0F72-4E1D-8A79-7FE36D2A02B1}.Release|Any CPU.Build.0 = Release|Any CPU
		{4F9736D5-5CE3-4D38-A87B-EDF42BB6C1BE}.Debug|Any CPU.ActiveCfg = Debug|Any CPU
		{4F9736D5-5CE3-4D38-A87B-EDF42BB6C1BE}.Debug|Any CPU.Build.0 = Debug|Any CPU
		{4F9736D5-5CE3-4D38-A87B-EDF42BB6C1BE}.Release|Any CPU.ActiveCfg = Release|Any CPU
		{4F9736D5-5CE3-4D38-A87B-EDF42BB6C1BE}.Release|Any CPU.Build.0 = Release|Any CPU
		{00A68F23-B901-4969-830B-B1297949CC92}.Debug|Any CPU.ActiveCfg = Debug|Any CPU
		{00A68F23-B901-4969-830B-B1297949CC92}.Debug|Any CPU.Build.0 = Debug|Any CPU
		{00A68F23-B901-4969-830B-B1297949CC92}.Release|Any CPU.ActiveCfg = Release|Any CPU
		{00A68F23-B901-4969-830B-B1297949CC92}.Release|Any CPU.Build.0 = Release|Any CPU
		{C2798BE9-003A-4AD2-96D9-56B9733FC951}.Debug|Any CPU.ActiveCfg = Debug|Any CPU
		{C2798BE9-003A-4AD2-96D9-56B9733FC951}.Debug|Any CPU.Build.0 = Debug|Any CPU
		{C2798BE9-003A-4AD2-96D9-56B9733FC951}.Release|Any CPU.ActiveCfg = Release|Any CPU
		{C2798BE9-003A-4AD2-96D9-56B9733FC951}.Release|Any CPU.Build.0 = Release|Any CPU
	EndGlobalSection
	GlobalSection(SolutionProperties) = preSolution
		HideSolutionNode = FALSE
	EndGlobalSection
	GlobalSection(NestedProjects) = preSolution
		{F58290B5-55AF-4004-90E2-5C51F18BFC0E} = {AEC654BE-24C4-4ADD-9A93-19339CA4C34B}
		{3719CDC4-0F72-4E1D-8A79-7FE36D2A02B1} = {1BB401A2-CCDC-47AC-8988-32A72E1476B8}
		{4F9736D5-5CE3-4D38-A87B-EDF42BB6C1BE} = {86DAE28B-00C3-430F-82DB-818A87EE0C94}
		{00A68F23-B901-4969-830B-B1297949CC92} = {5D4725AF-034E-4D88-AF34-C7A4E717C21D}
		{C2798BE9-003A-4AD2-96D9-56B9733FC951} = {400588E5-4273-4BEE-AF29-D3EE7B1AE820}
	EndGlobalSection
	GlobalSection(ExtensibilityGlobals) = postSolution
		SolutionGuid = {9CD35CA5-D7B7-44F9-8CC2-7AAAD3058F94}
	EndGlobalSection
EndGlobal
